{
    "name": "drawchat",
    "lockfileVersion": 2,
    "requires": true,
    "packages": {
        "": {
            "devDependencies": {
                "@fortawesome/fontawesome-free": "^6.1.2",
                "a-color-picker": "^1.2.1",
                "axios": "^0.27",
                "cross-env": "^7.0",
                "esbuild": "^0.15.2",
                "smoothscroll-polyfill": "^0.4.4",
                "sweetalert2": "^11.4.26"
            }
        },
        "node_modules/@esbuild/linux-loong64": {
            "version": "0.15.2",
            "resolved": "https://registry.npmjs.org/@esbuild/linux-loong64/-/linux-loong64-0.15.2.tgz",
            "integrity": "sha512-lcfRxKY3CIBFop9slpNu04+fGro1S0QN5n+HrbOwR6eHHdYeidvMtSVK4vbbYmEMwQr3MFAt2yU6bhwl4dqL/A==",
            "cpu": [
                "loong64"
            ],
            "dev": true,
            "optional": true,
            "os": [
                "linux"
            ],
            "engines": {
                "node": ">=12"
            }
        },
        "node_modules/@fortawesome/fontawesome-free": {
            "version": "6.1.2",
            "resolved": "https://registry.npmjs.org/@fortawesome/fontawesome-free/-/fontawesome-free-6.1.2.tgz",
            "integrity": "sha512-XwWADtfdSN73/udaFm+1mnGIj/ShDZNFMe/PRoqv3FhQ4GNI2PUN70yFTPsjq65Lw2C9i4TG5/hTbxXIXVCiqQ==",
            "dev": true,
            "hasInstallScript": true,
            "engines": {
                "node": ">=6"
            }
        },
        "node_modules/a-color-picker": {
            "version": "1.2.1",
            "resolved": "https://registry.npmjs.org/a-color-picker/-/a-color-picker-1.2.1.tgz",
            "integrity": "sha512-aMCUKd2zTDWK2YWnjz0k3YhFc9XL0jZlPIywF6XkP6i3wdq2iHTEnl1BFPZkOVDV89M12t+zeZ8m23cfzn57/Q==",
            "dev": true,
            "dependencies": {
                "is-plain-object": "^2.0.4"
            }
        },
        "node_modules/asynckit": {
            "version": "0.4.0",
            "resolved": "https://registry.npmjs.org/asynckit/-/asynckit-0.4.0.tgz",
            "integrity": "sha512-Oei9OH4tRh0YqU3GxhX79dM/mwVgvbZJaSNaRk+bshkj0S5cfHcgYakreBjrHwatXKbz+IoIdYLxrKim2MjW0Q==",
            "dev": true
        },
        "node_modules/axios": {
            "version": "0.27.2",
            "resolved": "https://registry.npmjs.org/axios/-/axios-0.27.2.tgz",
            "integrity": "sha512-t+yRIyySRTp/wua5xEr+z1q60QmLq8ABsS5O9Me1AsE5dfKqgnCFzwiCZZ/cGNd1lq4/7akDWMxdhVlucjmnOQ==",
            "dev": true,
            "dependencies": {
                "follow-redirects": "^1.14.9",
                "form-data": "^4.0.0"
            }
        },
        "node_modules/combined-stream": {
            "version": "1.0.8",
            "resolved": "https://registry.npmjs.org/combined-stream/-/combined-stream-1.0.8.tgz",
            "integrity": "sha512-FQN4MRfuJeHf7cBbBMJFXhKSDq+2kAArBlmRBvcvFE5BB1HZKXtSFASDhdlz9zOYwxh8lDdnvmMOe/+5cdoEdg==",
            "dev": true,
            "dependencies": {
                "delayed-stream": "~1.0.0"
            },
            "engines": {
                "node": ">= 0.8"
            }
        },
        "node_modules/cross-env": {
            "version": "7.0.3",
            "resolved": "https://registry.npmjs.org/cross-env/-/cross-env-7.0.3.tgz",
            "integrity": "sha512-+/HKd6EgcQCJGh2PSjZuUitQBQynKor4wrFbRg4DtAgS1aWO+gU52xpH7M9ScGgXSYmAVS9bIJ8EzuaGw0oNAw==",
            "dev": true,
            "dependencies": {
                "cross-spawn": "^7.0.1"
            },
            "bin": {
                "cross-env": "src/bin/cross-env.js",
                "cross-env-shell": "src/bin/cross-env-shell.js"
            },
            "engines": {
                "node": ">=10.14",
                "npm": ">=6",
                "yarn": ">=1"
            }
        },
        "node_modules/cross-spawn": {
            "version": "7.0.3",
            "resolved": "https://registry.npmjs.org/cross-spawn/-/cross-spawn-7.0.3.tgz",
            "integrity": "sha512-iRDPJKUPVEND7dHPO8rkbOnPpyDygcDFtWjpeWNCgy8WP2rXcxXL8TskReQl6OrB2G7+UJrags1q15Fudc7G6w==",
            "dev": true,
            "dependencies": {
                "path-key": "^3.1.0",
                "shebang-command": "^2.0.0",
                "which": "^2.0.1"
            },
            "engines": {
                "node": ">= 8"
            }
        },
        "node_modules/delayed-stream": {
            "version": "1.0.0",
            "resolved": "https://registry.npmjs.org/delayed-stream/-/delayed-stream-1.0.0.tgz",
            "integrity": "sha512-ZySD7Nf91aLB0RxL4KGrKHBXl7Eds1DAmEdcoVawXnLD7SDhpNgtuII2aAkg7a7QS41jxPSZ17p4VdGnMHk3MQ==",
            "dev": true,
            "engines": {
                "node": ">=0.4.0"
            }
        },
        "node_modules/esbuild": {
            "version": "0.15.2",
            "resolved": "https://registry.npmjs.org/esbuild/-/esbuild-0.15.2.tgz",
            "integrity": "sha512-iKfJsm2u5ATPI3x3sq/WrxISWhAZB/VpvygGG8Pr3q+xQhkIhyI737t+xUa71f50g0ioihQSGaHiQO5hbVDoSQ==",
            "dev": true,
            "hasInstallScript": true,
            "bin": {
                "esbuild": "bin/esbuild"
            },
            "engines": {
                "node": ">=12"
            },
            "optionalDependencies": {
                "@esbuild/linux-loong64": "0.15.2",
                "esbuild-android-64": "0.15.2",
                "esbuild-android-arm64": "0.15.2",
                "esbuild-darwin-64": "0.15.2",
                "esbuild-darwin-arm64": "0.15.2",
                "esbuild-freebsd-64": "0.15.2",
                "esbuild-freebsd-arm64": "0.15.2",
                "esbuild-linux-32": "0.15.2",
                "esbuild-linux-64": "0.15.2",
                "esbuild-linux-arm": "0.15.2",
                "esbuild-linux-arm64": "0.15.2",
                "esbuild-linux-mips64le": "0.15.2",
                "esbuild-linux-ppc64le": "0.15.2",
                "esbuild-linux-riscv64": "0.15.2",
                "esbuild-linux-s390x": "0.15.2",
                "esbuild-netbsd-64": "0.15.2",
                "esbuild-openbsd-64": "0.15.2",
                "esbuild-sunos-64": "0.15.2",
                "esbuild-windows-32": "0.15.2",
                "esbuild-windows-64": "0.15.2",
                "esbuild-windows-arm64": "0.15.2"
            }
        },
        "node_modules/esbuild-android-64": {
            "version": "0.15.2",
            "resolved": "https://registry.npmjs.org/esbuild-android-64/-/esbuild-android-64-0.15.2.tgz",
            "integrity": "sha512-lEyRmwmdkkKBpIOi0wKGheuCPECgl5/GCOQkhVpDFEj1lec3cinEk37EbD3f4PUvix1eAHtTa0UI1ga0Bznntg==",
            "cpu": [
                "x64"
            ],
            "dev": true,
            "optional": true,
            "os": [
                "android"
            ],
            "engines": {
                "node": ">=12"
            }
        },
        "node_modules/esbuild-android-arm64": {
            "version": "0.15.2",
            "resolved": "https://registry.npmjs.org/esbuild-android-arm64/-/esbuild-android-arm64-0.15.2.tgz",
            "integrity": "sha512-znXfd7QBNrpAVnB8ZP5Zj4a3ah5dPBPZwbn6v0f4Lub4iwwZJ1h34VWMuo2f7KZdIbl2axrei6FxlQncS8zzEw==",
            "cpu": [
                "arm64"
            ],
            "dev": true,
            "optional": true,
            "os": [
                "android"
            ],
            "engines": {
                "node": ">=12"
            }
        },
        "node_modules/esbuild-darwin-64": {
            "version": "0.15.2",
            "resolved": "https://registry.npmjs.org/esbuild-darwin-64/-/esbuild-darwin-64-0.15.2.tgz",
            "integrity": "sha512-keNq6K+qhEJ5kZ6L1UJGYjAnv6Kkpf2KjOjC6r0JMsX6ZAaXnA3OqqXJttEYzBKpZ+W6/T+paS4Slzk3N2bSvQ==",
            "cpu": [
                "x64"
            ],
            "dev": true,
            "optional": true,
            "os": [
                "darwin"
            ],
            "engines": {
                "node": ">=12"
            }
        },
        "node_modules/esbuild-darwin-arm64": {
            "version": "0.15.2",
            "resolved": "https://registry.npmjs.org/esbuild-darwin-arm64/-/esbuild-darwin-arm64-0.15.2.tgz",
            "integrity": "sha512-H/0vtLB/dY+TVGsAskmyuaQ7qegNVi+A4N5a+vpPHPFutzoGjcj4tf/77jZ3UsMTlN1dq+Ldala1P1pf486L8Q==",
            "cpu": [
                "arm64"
            ],
            "dev": true,
            "optional": true,
            "os": [
                "darwin"
            ],
            "engines": {
                "node": ">=12"
            }
        },
        "node_modules/esbuild-freebsd-64": {
            "version": "0.15.2",
            "resolved": "https://registry.npmjs.org/esbuild-freebsd-64/-/esbuild-freebsd-64-0.15.2.tgz",
            "integrity": "sha512-KMskcfVTisa2h/xaOwmoWEBm6CVWbKbrnEAv3sEfOF0wodjQfcPvW7HAxatMGL7AW9PIUP6UXLCCCUUnxL2yLQ==",
            "cpu": [
                "x64"
            ],
            "dev": true,
            "optional": true,
            "os": [
                "freebsd"
            ],
            "engines": {
                "node": ">=12"
            }
        },
        "node_modules/esbuild-freebsd-arm64": {
            "version": "0.15.2",
            "resolved": "https://registry.npmjs.org/esbuild-freebsd-arm64/-/esbuild-freebsd-arm64-0.15.2.tgz",
            "integrity": "sha512-RJJ3c4L6XGfZeiFqphK58KL+3LfrmebMLgB9QJ0Gygmjx1F6tnLUrLwNBNXrpMT7X4bEtCvP9Gvhkt5HVTdt7g==",
            "cpu": [
                "arm64"
            ],
            "dev": true,
            "optional": true,
            "os": [
                "freebsd"
            ],
            "engines": {
                "node": ">=12"
            }
        },
        "node_modules/esbuild-linux-32": {
            "version": "0.15.2",
            "resolved": "https://registry.npmjs.org/esbuild-linux-32/-/esbuild-linux-32-0.15.2.tgz",
            "integrity": "sha512-GfCEEs+D+vBrluCUBFr3MP8/PH/fNc5xl2JbsHkwivBXlbORXf5m4Ts8vII9qPxEkLAUsoYx4Bjp+Ca0WqQ9tA==",
            "cpu": [
                "ia32"
            ],
            "dev": true,
            "optional": true,
            "os": [
                "linux"
            ],
            "engines": {
                "node": ">=12"
            }
        },
        "node_modules/esbuild-linux-64": {
            "version": "0.15.2",
            "resolved": "https://registry.npmjs.org/esbuild-linux-64/-/esbuild-linux-64-0.15.2.tgz",
            "integrity": "sha512-F6GfpZrcTisWFrJZdx73NNVjY64iOqhxFsdmnftHZFfeLG4KyJg9hO5kd6E+Rq3udoRk41jPS+fg0+iCyq5Utg==",
            "cpu": [
                "x64"
            ],
            "dev": true,
            "optional": true,
            "os": [
                "linux"
            ],
            "engines": {
                "node": ">=12"
            }
        },
        "node_modules/esbuild-linux-arm": {
            "version": "0.15.2",
            "resolved": "https://registry.npmjs.org/esbuild-linux-arm/-/esbuild-linux-arm-0.15.2.tgz",
            "integrity": "sha512-u2YXH9ZCuyN9KwcpKCzhgUckBgy8O07oivv3cV/Z+WnFOjXhKFc+IY0v41nFODPEzEIbozMUx8boVexvHMXHDA==",
            "cpu": [
                "arm"
            ],
            "dev": true,
            "optional": true,
            "os": [
                "linux"
            ],
            "engines": {
                "node": ">=12"
            }
        },
        "node_modules/esbuild-linux-arm64": {
            "version": "0.15.2",
            "resolved": "https://registry.npmjs.org/esbuild-linux-arm64/-/esbuild-linux-arm64-0.15.2.tgz",
            "integrity": "sha512-CacsuBpOzU/WVWMS19iGHCrijgheCtmNb9mjlvpoxwLEVjHycc9/X+Pup6vp8dk5jRrhm/7lkY8Fbw9OxM+oug==",
            "cpu": [
                "arm64"
            ],
            "dev": true,
            "optional": true,
            "os": [
                "linux"
            ],
            "engines": {
                "node": ">=12"
            }
        },
        "node_modules/esbuild-linux-mips64le": {
            "version": "0.15.2",
            "resolved": "https://registry.npmjs.org/esbuild-linux-mips64le/-/esbuild-linux-mips64le-0.15.2.tgz",
            "integrity": "sha512-VY8pEtXAEyPfVCP/SKPGxaiNF7b259Le0wvEPQTYMeJycAVfahBhpg/9qk2Ufd7mMVGT7G2izr86jJsvuiMVZw==",
            "cpu": [
                "mips64el"
            ],
            "dev": true,
            "optional": true,
            "os": [
                "linux"
            ],
            "engines": {
                "node": ">=12"
            }
        },
        "node_modules/esbuild-linux-ppc64le": {
            "version": "0.15.2",
            "resolved": "https://registry.npmjs.org/esbuild-linux-ppc64le/-/esbuild-linux-ppc64le-0.15.2.tgz",
            "integrity": "sha512-+Sma8cuiVciTU+xuqErEU4hm8k2bMivqEXPGsXFPKJAV2XrLQlkT5zuPA4FWuKpxwVLUxxuYhkq0nv4j5Dv/3Q==",
            "cpu": [
                "ppc64"
            ],
            "dev": true,
            "optional": true,
            "os": [
                "linux"
            ],
            "engines": {
                "node": ">=12"
            }
        },
        "node_modules/esbuild-linux-riscv64": {
            "version": "0.15.2",
            "resolved": "https://registry.npmjs.org/esbuild-linux-riscv64/-/esbuild-linux-riscv64-0.15.2.tgz",
            "integrity": "sha512-HkqtnuEiVq2VvqD6Wb9LEWAedbpxXkq7h3Imop6vaAQUr5z8HROfTyY349QsP9aGY3aF/NiBkX20C6vOqTex8A==",
            "cpu": [
                "riscv64"
            ],
            "dev": true,
            "optional": true,
            "os": [
                "linux"
            ],
            "engines": {
                "node": ">=12"
            }
        },
        "node_modules/esbuild-linux-s390x": {
            "version": "0.15.2",
            "resolved": "https://registry.npmjs.org/esbuild-linux-s390x/-/esbuild-linux-s390x-0.15.2.tgz",
            "integrity": "sha512-nIqNFoovQRoz/YBm64xRWXT4yg5BtT2DXA8ogI8lJKy6B+mOKeOVVkvAbFU5YrvUq6AHhMuCsoa3CYFK5a4/vg==",
            "cpu": [
                "s390x"
            ],
            "dev": true,
            "optional": true,
            "os": [
                "linux"
            ],
            "engines": {
                "node": ">=12"
            }
        },
        "node_modules/esbuild-netbsd-64": {
            "version": "0.15.2",
            "resolved": "https://registry.npmjs.org/esbuild-netbsd-64/-/esbuild-netbsd-64-0.15.2.tgz",
            "integrity": "sha512-CY5kHo3C3+aY1VBv76lDTe/D/+4nkhA6cE8ENRezeEvWmu8pPqnIVk1cy/jLNNPBYkbZiR30z/QeZy5yWsW1kg==",
            "cpu": [
                "x64"
            ],
            "dev": true,
            "optional": true,
            "os": [
                "netbsd"
            ],
            "engines": {
                "node": ">=12"
            }
        },
        "node_modules/esbuild-openbsd-64": {
            "version": "0.15.2",
            "resolved": "https://registry.npmjs.org/esbuild-openbsd-64/-/esbuild-openbsd-64-0.15.2.tgz",
            "integrity": "sha512-fXpQW8I6Lm9gJubvW/QjR1OwQQ4tMriVhxznJJmbaX7EYHtcog6Fy+xqbl+YUBZ3dxmEBkBXd6LZaXkn10yavQ==",
            "cpu": [
                "x64"
            ],
            "dev": true,
            "optional": true,
            "os": [
                "openbsd"
            ],
            "engines": {
                "node": ">=12"
            }
        },
        "node_modules/esbuild-sunos-64": {
            "version": "0.15.2",
            "resolved": "https://registry.npmjs.org/esbuild-sunos-64/-/esbuild-sunos-64-0.15.2.tgz",
            "integrity": "sha512-8xaprqT/rxfbxljQrd2A4iASOnw46eiieghh6JgzjlrXP/6kbhN3fe8IgQclcdu6SjDPmQvNSURQ5xCeVATpbQ==",
            "cpu": [
                "x64"
            ],
            "dev": true,
            "optional": true,
            "os": [
                "sunos"
            ],
            "engines": {
                "node": ">=12"
            }
        },
        "node_modules/esbuild-windows-32": {
            "version": "0.15.2",
            "resolved": "https://registry.npmjs.org/esbuild-windows-32/-/esbuild-windows-32-0.15.2.tgz",
            "integrity": "sha512-lGLNGBmDQ0gZphbUfxT7n6OO1l6iOQM2xnYN90+etzTWZeI76CYLbVPCZR+kp3vzyIRAbcsS6NtM4SknHAwEww==",
            "cpu": [
                "ia32"
            ],
            "dev": true,
            "optional": true,
            "os": [
                "win32"
            ],
            "engines": {
                "node": ">=12"
            }
        },
        "node_modules/esbuild-windows-64": {
            "version": "0.15.2",
            "resolved": "https://registry.npmjs.org/esbuild-windows-64/-/esbuild-windows-64-0.15.2.tgz",
            "integrity": "sha512-Rc6cUwOiQiGgpAxlCl8Lj3o2Ds4n3OU8UyoWpOBXmms+gXdwlKBzxjwj5FxrZJ6EveYpFqzDP07tbzOa9YpTKw==",
            "cpu": [
                "x64"
            ],
            "dev": true,
            "optional": true,
            "os": [
                "win32"
            ],
            "engines": {
                "node": ">=12"
            }
        },
        "node_modules/esbuild-windows-arm64": {
            "version": "0.15.2",
            "resolved": "https://registry.npmjs.org/esbuild-windows-arm64/-/esbuild-windows-arm64-0.15.2.tgz",
            "integrity": "sha512-0bpQcIvd6TBIThA+nr9QsTfaU23Co5IPMlXmuNja6buDEu92b9im9ZMGV/BLF+jwKwG8/f1L/0Yfl9QzNuH4Eg==",
            "cpu": [
                "arm64"
            ],
            "dev": true,
            "optional": true,
            "os": [
                "win32"
            ],
            "engines": {
                "node": ">=12"
            }
        },
        "node_modules/follow-redirects": {
            "version": "1.14.9",
            "resolved": "https://registry.npmjs.org/follow-redirects/-/follow-redirects-1.14.9.tgz",
            "integrity": "sha512-MQDfihBQYMcyy5dhRDJUHcw7lb2Pv/TuE6xP1vyraLukNDHKbDxDNaOE3NbCAdKQApno+GPRyo1YAp89yCjK4w==",
            "dev": true,
            "funding": [
                {
                    "type": "individual",
                    "url": "https://github.com/sponsors/RubenVerborgh"
                }
            ],
            "engines": {
                "node": ">=4.0"
            },
            "peerDependenciesMeta": {
                "debug": {
                    "optional": true
                }
            }
        },
        "node_modules/form-data": {
            "version": "4.0.0",
            "resolved": "https://registry.npmjs.org/form-data/-/form-data-4.0.0.tgz",
            "integrity": "sha512-ETEklSGi5t0QMZuiXoA/Q6vcnxcLQP5vdugSpuAyi6SVGi2clPPp+xgEhuMaHC+zGgn31Kd235W35f7Hykkaww==",
            "dev": true,
            "dependencies": {
                "asynckit": "^0.4.0",
                "combined-stream": "^1.0.8",
                "mime-types": "^2.1.12"
            },
            "engines": {
                "node": ">= 6"
            }
        },
        "node_modules/is-plain-object": {
            "version": "2.0.4",
            "resolved": "https://registry.npmjs.org/is-plain-object/-/is-plain-object-2.0.4.tgz",
            "integrity": "sha512-h5PpgXkWitc38BBMYawTYMWJHFZJVnBquFE57xFpjB8pJFiF6gZ+bU+WyI/yqXiFR5mdLsgYNaPe8uao6Uv9Og==",
            "dev": true,
            "dependencies": {
                "isobject": "^3.0.1"
            },
            "engines": {
                "node": ">=0.10.0"
            }
        },
        "node_modules/isexe": {
            "version": "2.0.0",
            "resolved": "https://registry.npmjs.org/isexe/-/isexe-2.0.0.tgz",
            "integrity": "sha1-6PvzdNxVb/iUehDcsFctYz8s+hA=",
            "dev": true
        },
        "node_modules/isobject": {
            "version": "3.0.1",
            "resolved": "https://registry.npmjs.org/isobject/-/isobject-3.0.1.tgz",
            "integrity": "sha1-TkMekrEalzFjaqH5yNHMvP2reN8=",
            "dev": true,
            "engines": {
                "node": ">=0.10.0"
            }
        },
        "node_modules/mime-db": {
            "version": "1.51.0",
            "resolved": "https://registry.npmjs.org/mime-db/-/mime-db-1.51.0.tgz",
            "integrity": "sha512-5y8A56jg7XVQx2mbv1lu49NR4dokRnhZYTtL+KGfaa27uq4pSTXkwQkFJl4pkRMyNFz/EtYDSkiiEHx3F7UN6g==",
            "dev": true,
            "engines": {
                "node": ">= 0.6"
            }
        },
        "node_modules/mime-types": {
            "version": "2.1.34",
            "resolved": "https://registry.npmjs.org/mime-types/-/mime-types-2.1.34.tgz",
            "integrity": "sha512-6cP692WwGIs9XXdOO4++N+7qjqv0rqxxVvJ3VHPh/Sc9mVZcQP+ZGhkKiTvWMQRr2tbHkJP/Yn7Y0npb3ZBs4A==",
            "dev": true,
            "dependencies": {
                "mime-db": "1.51.0"
            },
            "engines": {
                "node": ">= 0.6"
            }
        },
        "node_modules/path-key": {
            "version": "3.1.1",
            "resolved": "https://registry.npmjs.org/path-key/-/path-key-3.1.1.tgz",
            "integrity": "sha512-ojmeN0qd+y0jszEtoY48r0Peq5dwMEkIlCOu6Q5f41lfkswXuKtYrhgoTpLnyIcHm24Uhqx+5Tqm2InSwLhE6Q==",
            "dev": true,
            "engines": {
                "node": ">=8"
            }
        },
        "node_modules/shebang-command": {
            "version": "2.0.0",
            "resolved": "https://registry.npmjs.org/shebang-command/-/shebang-command-2.0.0.tgz",
            "integrity": "sha512-kHxr2zZpYtdmrN1qDjrrX/Z1rR1kG8Dx+gkpK1G4eXmvXswmcE1hTWBWYUzlraYw1/yZp6YuDY77YtvbN0dmDA==",
            "dev": true,
            "dependencies": {
                "shebang-regex": "^3.0.0"
            },
            "engines": {
                "node": ">=8"
            }
        },
        "node_modules/shebang-regex": {
            "version": "3.0.0",
            "resolved": "https://registry.npmjs.org/shebang-regex/-/shebang-regex-3.0.0.tgz",
            "integrity": "sha512-7++dFhtcx3353uBaq8DDR4NuxBetBzC7ZQOhmTQInHEd6bSrXdiEyzCvG07Z44UYdLShWUyXt5M/yhz8ekcb1A==",
            "dev": true,
            "engines": {
                "node": ">=8"
            }
        },
        "node_modules/smoothscroll-polyfill": {
            "version": "0.4.4",
            "resolved": "https://registry.npmjs.org/smoothscroll-polyfill/-/smoothscroll-polyfill-0.4.4.tgz",
            "integrity": "sha512-TK5ZA9U5RqCwMpfoMq/l1mrH0JAR7y7KRvOBx0n2869aLxch+gT9GhN3yUfjiw+d/DiF1mKo14+hd62JyMmoBg==",
            "dev": true
        },
        "node_modules/sweetalert2": {
            "version": "11.4.26",
            "resolved": "https://registry.npmjs.org/sweetalert2/-/sweetalert2-11.4.26.tgz",
            "integrity": "sha512-YqH/C6IPudeWVK9R0x3pCOqP7m90Ae50tl98SQBpAwL3+UBl1WYD2+5OaKy0ybiVTKbYe76wwJ3PV+bITLjl+A==",
            "dev": true,
            "funding": {
                "type": "individual",
                "url": "https://sweetalert2.github.io/#donations"
            }
        },
        "node_modules/which": {
            "version": "2.0.2",
            "resolved": "https://registry.npmjs.org/which/-/which-2.0.2.tgz",
            "integrity": "sha512-BLI3Tl1TW3Pvl70l3yq3Y64i+awpwXqsGBYWkkqMtnbXgrMD+yj7rhW0kuEDxzJaYXGjEW5ogapKNMEKNMjibA==",
            "dev": true,
            "dependencies": {
                "isexe": "^2.0.0"
            },
            "bin": {
                "node-which": "bin/node-which"
            },
            "engines": {
                "node": ">= 8"
            }
        }
    },
    "dependencies": {
        "@esbuild/linux-loong64": {
            "version": "0.15.2",
            "resolved": "https://registry.npmjs.org/@esbuild/linux-loong64/-/linux-loong64-0.15.2.tgz",
            "integrity": "sha512-lcfRxKY3CIBFop9slpNu04+fGro1S0QN5n+HrbOwR6eHHdYeidvMtSVK4vbbYmEMwQr3MFAt2yU6bhwl4dqL/A==",
            "dev": true,
            "optional": true
        },
        "@fortawesome/fontawesome-free": {
            "version": "6.1.2",
            "resolved": "https://registry.npmjs.org/@fortawesome/fontawesome-free/-/fontawesome-free-6.1.2.tgz",
            "integrity": "sha512-XwWADtfdSN73/udaFm+1mnGIj/ShDZNFMe/PRoqv3FhQ4GNI2PUN70yFTPsjq65Lw2C9i4TG5/hTbxXIXVCiqQ==",
            "dev": true
        },
        "a-color-picker": {
            "version": "1.2.1",
            "resolved": "https://registry.npmjs.org/a-color-picker/-/a-color-picker-1.2.1.tgz",
            "integrity": "sha512-aMCUKd2zTDWK2YWnjz0k3YhFc9XL0jZlPIywF6XkP6i3wdq2iHTEnl1BFPZkOVDV89M12t+zeZ8m23cfzn57/Q==",
            "dev": true,
            "requires": {
                "is-plain-object": "^2.0.4"
            }
        },
        "asynckit": {
            "version": "0.4.0",
            "resolved": "https://registry.npmjs.org/asynckit/-/asynckit-0.4.0.tgz",
            "integrity": "sha512-Oei9OH4tRh0YqU3GxhX79dM/mwVgvbZJaSNaRk+bshkj0S5cfHcgYakreBjrHwatXKbz+IoIdYLxrKim2MjW0Q==",
            "dev": true
        },
        "axios": {
            "version": "0.27.2",
            "resolved": "https://registry.npmjs.org/axios/-/axios-0.27.2.tgz",
            "integrity": "sha512-t+yRIyySRTp/wua5xEr+z1q60QmLq8ABsS5O9Me1AsE5dfKqgnCFzwiCZZ/cGNd1lq4/7akDWMxdhVlucjmnOQ==",
            "dev": true,
            "requires": {
                "follow-redirects": "^1.14.9",
                "form-data": "^4.0.0"
            }
        },
        "combined-stream": {
            "version": "1.0.8",
            "resolved": "https://registry.npmjs.org/combined-stream/-/combined-stream-1.0.8.tgz",
            "integrity": "sha512-FQN4MRfuJeHf7cBbBMJFXhKSDq+2kAArBlmRBvcvFE5BB1HZKXtSFASDhdlz9zOYwxh8lDdnvmMOe/+5cdoEdg==",
            "dev": true,
            "requires": {
                "delayed-stream": "~1.0.0"
            }
        },
        "cross-env": {
            "version": "7.0.3",
            "resolved": "https://registry.npmjs.org/cross-env/-/cross-env-7.0.3.tgz",
            "integrity": "sha512-+/HKd6EgcQCJGh2PSjZuUitQBQynKor4wrFbRg4DtAgS1aWO+gU52xpH7M9ScGgXSYmAVS9bIJ8EzuaGw0oNAw==",
            "dev": true,
            "requires": {
                "cross-spawn": "^7.0.1"
            }
        },
        "cross-spawn": {
            "version": "7.0.3",
            "resolved": "https://registry.npmjs.org/cross-spawn/-/cross-spawn-7.0.3.tgz",
            "integrity": "sha512-iRDPJKUPVEND7dHPO8rkbOnPpyDygcDFtWjpeWNCgy8WP2rXcxXL8TskReQl6OrB2G7+UJrags1q15Fudc7G6w==",
            "dev": true,
            "requires": {
                "path-key": "^3.1.0",
                "shebang-command": "^2.0.0",
                "which": "^2.0.1"
            }
        },
        "delayed-stream": {
            "version": "1.0.0",
            "resolved": "https://registry.npmjs.org/delayed-stream/-/delayed-stream-1.0.0.tgz",
            "integrity": "sha512-ZySD7Nf91aLB0RxL4KGrKHBXl7Eds1DAmEdcoVawXnLD7SDhpNgtuII2aAkg7a7QS41jxPSZ17p4VdGnMHk3MQ==",
            "dev": true
        },
        "esbuild": {
            "version": "0.15.2",
            "resolved": "https://registry.npmjs.org/esbuild/-/esbuild-0.15.2.tgz",
            "integrity": "sha512-iKfJsm2u5ATPI3x3sq/WrxISWhAZB/VpvygGG8Pr3q+xQhkIhyI737t+xUa71f50g0ioihQSGaHiQO5hbVDoSQ==",
            "dev": true,
            "requires": {
                "@esbuild/linux-loong64": "0.15.2",
                "esbuild-android-64": "0.15.2",
                "esbuild-android-arm64": "0.15.2",
                "esbuild-darwin-64": "0.15.2",
                "esbuild-darwin-arm64": "0.15.2",
                "esbuild-freebsd-64": "0.15.2",
                "esbuild-freebsd-arm64": "0.15.2",
                "esbuild-linux-32": "0.15.2",
                "esbuild-linux-64": "0.15.2",
                "esbuild-linux-arm": "0.15.2",
                "esbuild-linux-arm64": "0.15.2",
                "esbuild-linux-mips64le": "0.15.2",
                "esbuild-linux-ppc64le": "0.15.2",
                "esbuild-linux-riscv64": "0.15.2",
                "esbuild-linux-s390x": "0.15.2",
                "esbuild-netbsd-64": "0.15.2",
                "esbuild-openbsd-64": "0.15.2",
                "esbuild-sunos-64": "0.15.2",
                "esbuild-windows-32": "0.15.2",
                "esbuild-windows-64": "0.15.2",
                "esbuild-windows-arm64": "0.15.2"
            }
        },
        "esbuild-android-64": {
            "version": "0.15.2",
            "resolved": "https://registry.npmjs.org/esbuild-android-64/-/esbuild-android-64-0.15.2.tgz",
            "integrity": "sha512-lEyRmwmdkkKBpIOi0wKGheuCPECgl5/GCOQkhVpDFEj1lec3cinEk37EbD3f4PUvix1eAHtTa0UI1ga0Bznntg==",
            "dev": true,
            "optional": true
        },
        "esbuild-android-arm64": {
            "version": "0.15.2",
            "resolved": "https://registry.npmjs.org/esbuild-android-arm64/-/esbuild-android-arm64-0.15.2.tgz",
            "integrity": "sha512-znXfd7QBNrpAVnB8ZP5Zj4a3ah5dPBPZwbn6v0f4Lub4iwwZJ1h34VWMuo2f7KZdIbl2axrei6FxlQncS8zzEw==",
            "dev": true,
            "optional": true
        },
        "esbuild-darwin-64": {
            "version": "0.15.2",
            "resolved": "https://registry.npmjs.org/esbuild-darwin-64/-/esbuild-darwin-64-0.15.2.tgz",
            "integrity": "sha512-keNq6K+qhEJ5kZ6L1UJGYjAnv6Kkpf2KjOjC6r0JMsX6ZAaXnA3OqqXJttEYzBKpZ+W6/T+paS4Slzk3N2bSvQ==",
            "dev": true,
            "optional": true
        },
        "esbuild-darwin-arm64": {
            "version": "0.15.2",
            "resolved": "https://registry.npmjs.org/esbuild-darwin-arm64/-/esbuild-darwin-arm64-0.15.2.tgz",
            "integrity": "sha512-H/0vtLB/dY+TVGsAskmyuaQ7qegNVi+A4N5a+vpPHPFutzoGjcj4tf/77jZ3UsMTlN1dq+Ldala1P1pf486L8Q==",
            "dev": true,
            "optional": true
        },
        "esbuild-freebsd-64": {
            "version": "0.15.2",
            "resolved": "https://registry.npmjs.org/esbuild-freebsd-64/-/esbuild-freebsd-64-0.15.2.tgz",
            "integrity": "sha512-KMskcfVTisa2h/xaOwmoWEBm6CVWbKbrnEAv3sEfOF0wodjQfcPvW7HAxatMGL7AW9PIUP6UXLCCCUUnxL2yLQ==",
            "dev": true,
            "optional": true
        },
        "esbuild-freebsd-arm64": {
            "version": "0.15.2",
            "resolved": "https://registry.npmjs.org/esbuild-freebsd-arm64/-/esbuild-freebsd-arm64-0.15.2.tgz",
            "integrity": "sha512-RJJ3c4L6XGfZeiFqphK58KL+3LfrmebMLgB9QJ0Gygmjx1F6tnLUrLwNBNXrpMT7X4bEtCvP9Gvhkt5HVTdt7g==",
            "dev": true,
            "optional": true
        },
        "esbuild-linux-32": {
            "version": "0.15.2",
            "resolved": "https://registry.npmjs.org/esbuild-linux-32/-/esbuild-linux-32-0.15.2.tgz",
            "integrity": "sha512-GfCEEs+D+vBrluCUBFr3MP8/PH/fNc5xl2JbsHkwivBXlbORXf5m4Ts8vII9qPxEkLAUsoYx4Bjp+Ca0WqQ9tA==",
            "dev": true,
            "optional": true
        },
        "esbuild-linux-64": {
            "version": "0.15.2",
            "resolved": "https://registry.npmjs.org/esbuild-linux-64/-/esbuild-linux-64-0.15.2.tgz",
            "integrity": "sha512-F6GfpZrcTisWFrJZdx73NNVjY64iOqhxFsdmnftHZFfeLG4KyJg9hO5kd6E+Rq3udoRk41jPS+fg0+iCyq5Utg==",
            "dev": true,
            "optional": true
        },
        "esbuild-linux-arm": {
            "version": "0.15.2",
            "resolved": "https://registry.npmjs.org/esbuild-linux-arm/-/esbuild-linux-arm-0.15.2.tgz",
            "integrity": "sha512-u2YXH9ZCuyN9KwcpKCzhgUckBgy8O07oivv3cV/Z+WnFOjXhKFc+IY0v41nFODPEzEIbozMUx8boVexvHMXHDA==",
            "dev": true,
            "optional": true
        },
        "esbuild-linux-arm64": {
            "version": "0.15.2",
            "resolved": "https://registry.npmjs.org/esbuild-linux-arm64/-/esbuild-linux-arm64-0.15.2.tgz",
            "integrity": "sha512-CacsuBpOzU/WVWMS19iGHCrijgheCtmNb9mjlvpoxwLEVjHycc9/X+Pup6vp8dk5jRrhm/7lkY8Fbw9OxM+oug==",
            "dev": true,
            "optional": true
        },
        "esbuild-linux-mips64le": {
            "version": "0.15.2",
            "resolved": "https://registry.npmjs.org/esbuild-linux-mips64le/-/esbuild-linux-mips64le-0.15.2.tgz",
            "integrity": "sha512-VY8pEtXAEyPfVCP/SKPGxaiNF7b259Le0wvEPQTYMeJycAVfahBhpg/9qk2Ufd7mMVGT7G2izr86jJsvuiMVZw==",
            "dev": true,
            "optional": true
        },
        "esbuild-linux-ppc64le": {
            "version": "0.15.2",
            "resolved": "https://registry.npmjs.org/esbuild-linux-ppc64le/-/esbuild-linux-ppc64le-0.15.2.tgz",
            "integrity": "sha512-+Sma8cuiVciTU+xuqErEU4hm8k2bMivqEXPGsXFPKJAV2XrLQlkT5zuPA4FWuKpxwVLUxxuYhkq0nv4j5Dv/3Q==",
            "dev": true,
            "optional": true
        },
        "esbuild-linux-riscv64": {
            "version": "0.15.2",
            "resolved": "https://registry.npmjs.org/esbuild-linux-riscv64/-/esbuild-linux-riscv64-0.15.2.tgz",
            "integrity": "sha512-HkqtnuEiVq2VvqD6Wb9LEWAedbpxXkq7h3Imop6vaAQUr5z8HROfTyY349QsP9aGY3aF/NiBkX20C6vOqTex8A==",
            "dev": true,
            "optional": true
        },
        "esbuild-linux-s390x": {
            "version": "0.15.2",
            "resolved": "https://registry.npmjs.org/esbuild-linux-s390x/-/esbuild-linux-s390x-0.15.2.tgz",
            "integrity": "sha512-nIqNFoovQRoz/YBm64xRWXT4yg5BtT2DXA8ogI8lJKy6B+mOKeOVVkvAbFU5YrvUq6AHhMuCsoa3CYFK5a4/vg==",
            "dev": true,
            "optional": true
        },
        "esbuild-netbsd-64": {
            "version": "0.15.2",
            "resolved": "https://registry.npmjs.org/esbuild-netbsd-64/-/esbuild-netbsd-64-0.15.2.tgz",
            "integrity": "sha512-CY5kHo3C3+aY1VBv76lDTe/D/+4nkhA6cE8ENRezeEvWmu8pPqnIVk1cy/jLNNPBYkbZiR30z/QeZy5yWsW1kg==",
            "dev": true,
            "optional": true
        },
        "esbuild-openbsd-64": {
            "version": "0.15.2",
            "resolved": "https://registry.npmjs.org/esbuild-openbsd-64/-/esbuild-openbsd-64-0.15.2.tgz",
            "integrity": "sha512-fXpQW8I6Lm9gJubvW/QjR1OwQQ4tMriVhxznJJmbaX7EYHtcog6Fy+xqbl+YUBZ3dxmEBkBXd6LZaXkn10yavQ==",
            "dev": true,
            "optional": true
        },
        "esbuild-sunos-64": {
            "version": "0.15.2",
            "resolved": "https://registry.npmjs.org/esbuild-sunos-64/-/esbuild-sunos-64-0.15.2.tgz",
            "integrity": "sha512-8xaprqT/rxfbxljQrd2A4iASOnw46eiieghh6JgzjlrXP/6kbhN3fe8IgQclcdu6SjDPmQvNSURQ5xCeVATpbQ==",
            "dev": true,
            "optional": true
        },
        "esbuild-windows-32": {
            "version": "0.15.2",
            "resolved": "https://registry.npmjs.org/esbuild-windows-32/-/esbuild-windows-32-0.15.2.tgz",
            "integrity": "sha512-lGLNGBmDQ0gZphbUfxT7n6OO1l6iOQM2xnYN90+etzTWZeI76CYLbVPCZR+kp3vzyIRAbcsS6NtM4SknHAwEww==",
            "dev": true,
            "optional": true
        },
        "esbuild-windows-64": {
            "version": "0.15.2",
            "resolved": "https://registry.npmjs.org/esbuild-windows-64/-/esbuild-windows-64-0.15.2.tgz",
            "integrity": "sha512-Rc6cUwOiQiGgpAxlCl8Lj3o2Ds4n3OU8UyoWpOBXmms+gXdwlKBzxjwj5FxrZJ6EveYpFqzDP07tbzOa9YpTKw==",
            "dev": true,
            "optional": true
        },
        "esbuild-windows-arm64": {
            "version": "0.15.2",
            "resolved": "https://registry.npmjs.org/esbuild-windows-arm64/-/esbuild-windows-arm64-0.15.2.tgz",
            "integrity": "sha512-0bpQcIvd6TBIThA+nr9QsTfaU23Co5IPMlXmuNja6buDEu92b9im9ZMGV/BLF+jwKwG8/f1L/0Yfl9QzNuH4Eg==",
            "dev": true,
            "optional": true
        },
        "follow-redirects": {
            "version": "1.14.9",
            "resolved": "https://registry.npmjs.org/follow-redirects/-/follow-redirects-1.14.9.tgz",
            "integrity": "sha512-MQDfihBQYMcyy5dhRDJUHcw7lb2Pv/TuE6xP1vyraLukNDHKbDxDNaOE3NbCAdKQApno+GPRyo1YAp89yCjK4w==",
            "dev": true
        },
        "form-data": {
            "version": "4.0.0",
            "resolved": "https://registry.npmjs.org/form-data/-/form-data-4.0.0.tgz",
            "integrity": "sha512-ETEklSGi5t0QMZuiXoA/Q6vcnxcLQP5vdugSpuAyi6SVGi2clPPp+xgEhuMaHC+zGgn31Kd235W35f7Hykkaww==",
            "dev": true,
            "requires": {
                "asynckit": "^0.4.0",
                "combined-stream": "^1.0.8",
                "mime-types": "^2.1.12"
            }
        },
        "is-plain-object": {
            "version": "2.0.4",
            "resolved": "https://registry.npmjs.org/is-plain-object/-/is-plain-object-2.0.4.tgz",
            "integrity": "sha512-h5PpgXkWitc38BBMYawTYMWJHFZJVnBquFE57xFpjB8pJFiF6gZ+bU+WyI/yqXiFR5mdLsgYNaPe8uao6Uv9Og==",
            "dev": true,
            "requires": {
                "isobject": "^3.0.1"
            }
        },
        "isexe": {
            "version": "2.0.0",
            "resolved": "https://registry.npmjs.org/isexe/-/isexe-2.0.0.tgz",
            "integrity": "sha1-6PvzdNxVb/iUehDcsFctYz8s+hA=",
            "dev": true
        },
        "isobject": {
            "version": "3.0.1",
            "resolved": "https://registry.npmjs.org/isobject/-/isobject-3.0.1.tgz",
            "integrity": "sha1-TkMekrEalzFjaqH5yNHMvP2reN8=",
            "dev": true
        },
        "mime-db": {
            "version": "1.51.0",
            "resolved": "https://registry.npmjs.org/mime-db/-/mime-db-1.51.0.tgz",
            "integrity": "sha512-5y8A56jg7XVQx2mbv1lu49NR4dokRnhZYTtL+KGfaa27uq4pSTXkwQkFJl4pkRMyNFz/EtYDSkiiEHx3F7UN6g==",
            "dev": true
        },
        "mime-types": {
            "version": "2.1.34",
            "resolved": "https://registry.npmjs.org/mime-types/-/mime-types-2.1.34.tgz",
            "integrity": "sha512-6cP692WwGIs9XXdOO4++N+7qjqv0rqxxVvJ3VHPh/Sc9mVZcQP+ZGhkKiTvWMQRr2tbHkJP/Yn7Y0npb3ZBs4A==",
            "dev": true,
            "requires": {
                "mime-db": "1.51.0"
            }
        },
        "path-key": {
            "version": "3.1.1",
            "resolved": "https://registry.npmjs.org/path-key/-/path-key-3.1.1.tgz",
            "integrity": "sha512-ojmeN0qd+y0jszEtoY48r0Peq5dwMEkIlCOu6Q5f41lfkswXuKtYrhgoTpLnyIcHm24Uhqx+5Tqm2InSwLhE6Q==",
            "dev": true
        },
        "shebang-command": {
            "version": "2.0.0",
            "resolved": "https://registry.npmjs.org/shebang-command/-/shebang-command-2.0.0.tgz",
            "integrity": "sha512-kHxr2zZpYtdmrN1qDjrrX/Z1rR1kG8Dx+gkpK1G4eXmvXswmcE1hTWBWYUzlraYw1/yZp6YuDY77YtvbN0dmDA==",
            "dev": true,
            "requires": {
                "shebang-regex": "^3.0.0"
            }
        },
        "shebang-regex": {
            "version": "3.0.0",
            "resolved": "https://registry.npmjs.org/shebang-regex/-/shebang-regex-3.0.0.tgz",
            "integrity": "sha512-7++dFhtcx3353uBaq8DDR4NuxBetBzC7ZQOhmTQInHEd6bSrXdiEyzCvG07Z44UYdLShWUyXt5M/yhz8ekcb1A==",
            "dev": true
        },
        "smoothscroll-polyfill": {
            "version": "0.4.4",
            "resolved": "https://registry.npmjs.org/smoothscroll-polyfill/-/smoothscroll-polyfill-0.4.4.tgz",
            "integrity": "sha512-TK5ZA9U5RqCwMpfoMq/l1mrH0JAR7y7KRvOBx0n2869aLxch+gT9GhN3yUfjiw+d/DiF1mKo14+hd62JyMmoBg==",
            "dev": true
        },
        "sweetalert2": {
            "version": "11.4.26",
            "resolved": "https://registry.npmjs.org/sweetalert2/-/sweetalert2-11.4.26.tgz",
            "integrity": "sha512-YqH/C6IPudeWVK9R0x3pCOqP7m90Ae50tl98SQBpAwL3+UBl1WYD2+5OaKy0ybiVTKbYe76wwJ3PV+bITLjl+A==",
            "dev": true
        },
        "which": {
            "version": "2.0.2",
            "resolved": "https://registry.npmjs.org/which/-/which-2.0.2.tgz",
            "integrity": "sha512-BLI3Tl1TW3Pvl70l3yq3Y64i+awpwXqsGBYWkkqMtnbXgrMD+yj7rhW0kuEDxzJaYXGjEW5ogapKNMEKNMjibA==",
            "dev": true,
            "requires": {
                "isexe": "^2.0.0"
            }
        }
    }
}
